
Microsoft Visual Studio Solution File, Format Version 10.00
# Visual Studio 2008
Project("{8BC9CEB8-8B4A-11D0-8D11-00A0C91BC942}") = "response_netstat", "response_netstat.vcproj", "{354A05BB-9115-4979-BC20-A635B03A6BAB}"
EndProject
Global
	GlobalSection(SolutionConfigurationPlatforms) = preSolution
		Debug|Win32 = Debug|Win32
		Release|Win32 = Release|Win32
	EndGlobalSection
	GlobalSection(ProjectConfigurationPlatforms) = postSolution
		{354A05BB-9115-4979-BC20-A635B03A6BAB}.Debug|Win32.ActiveCfg = Debug|Win32
		{354A05BB-9115-4979-BC20-A635B03A6BAB}.Debug|Win32.Build.0 = Debug|Win32
		{354A05BB-9115-4979-BC20-A635B03A6BAB}.Release|Win32.ActiveCfg = Release|Win32
		{354A05BB-9115-4979-BC20-A635B03A6BAB}.Release|Win32.Build.0 = Release|Win32
	EndGlobalSection
	GlobalSection(SolutionProperties) = preSolution
		HideSolutionNode = FALSE
	EndGlobalSection
EndGlobal
